{
  "name": "miniprogram",
  "version": "1.0.0",
  "lockfileVersion": 1,
  "requires": true,
  "dependencies": {
    "vant-weapp": {
      "version": "0.5.23",
      "resolved": "https://registry.npmjs.org/vant-weapp/-/vant-weapp-0.5.23.tgz",
      "integrity": "sha512-kI0uYbF5rp85u+puNtXUMqnDbefUvAhJ+sC0Tfx8H95fmUM+MpvEaNxR6JdTYv1JMOL++D3HkpNDxSr4ClrNFg=="
    }
  }
}
