{
  "requires": true,
  "lockfileVersion": 1,
  "dependencies": {
    "@vant/weapp": {
      "version": "1.0.4",
      "resolved": "https://registry.npmjs.org/@vant/weapp/-/weapp-1.0.4.tgz",
      "integrity": "sha512-ZM0kjqs1HQVday930EKupligTV+6VnrBhL48GofTd3jpA9cIIoYpqZ5YHh2fr7+EQqPQjReP1gEP28EHmSB0kw=="
    }
  }
}
